
Microsoft Visual Studio Solution File, Format Version 12.00
# Visual Studio Version 17
VisualStudioVersion = 17.0.32112.339
MinimumVisualStudioVersion = 10.0.40219.1
Project("{FAE04EC0-301F-11D3-BF4B-00C04F79EFBC}") = "TeacherInformationForm", "TeacherInformationForm\TeacherInformationForm.csproj", "{A0551A3E-EFB0-4093-9621-6D96689C0BD9}"
EndProject
Global
	GlobalSection(SolutionConfigurationPlatforms) = preSolution
		Debug|Any CPU = Debug|Any CPU
		Release|Any CPU = Release|Any CPU
	EndGlobalSection
	GlobalSection(ProjectConfigurationPlatforms) = postSolution
		{A0551A3E-EFB0-4093-9621-6D96689C0BD9}.Debug|Any CPU.ActiveCfg = Debug|Any CPU
		{A0551A3E-EFB0-4093-9621-6D96689C0BD9}.Debug|Any CPU.Build.0 = Debug|Any CPU
		{A0551A3E-EFB0-4093-9621-6D96689C0BD9}.Release|Any CPU.ActiveCfg = Release|Any CPU
		{A0551A3E-EFB0-4093-9621-6D96689C0BD9}.Release|Any CPU.Build.0 = Release|Any CPU
	EndGlobalSection
	GlobalSection(SolutionProperties) = preSolution
		HideSolutionNode = FALSE
	EndGlobalSection
	GlobalSection(ExtensibilityGlobals) = postSolution
		SolutionGuid = {3402C520-7A9E-4A1B-A5C0-E4E29232B564}
	EndGlobalSection
EndGlobal
